{
  "name": "api-emprestimo-operador",
  "version": "1.0.0",
  "lockfileVersion": 3,
  "requires": true,
  "packages": {
    "": {
      "name": "api-emprestimo-operador",
      "version": "1.0.0",
      "dependencies": {
        "cors": "^2.8.5",
        "express": "^4.18.2",
        "sqlite3": "^5.1.7"
      }
    },
    "node_modules/express": {
      "version": "4.18.2"
    },
    "node_modules/cors": {
      "version": "2.8.5"
    },
    "node_modules/sqlite3": {
      "version": "5.1.7"
    }
  }
}
